
Microsoft Visual Studio Solution File, Format Version 12.00
# Visual Studio Version 17
VisualStudioVersion = 17.5.33627.172
MinimumVisualStudioVersion = 10.0.40219.1
Project("{FAE04EC0-301F-11D3-BF4B-00C04F79EFBC}") = "Se aonctecer", "Se aonctecer\Se aonctecer.csproj", "{AECB9C84-D22E-4B9D-829A-62BC4E2B9E84}"
EndProject
Global
	GlobalSection(SolutionConfigurationPlatforms) = preSolution
		Debug|Any CPU = Debug|Any CPU
		Release|Any CPU = Release|Any CPU
	EndGlobalSection
	GlobalSection(ProjectConfigurationPlatforms) = postSolution
		{AECB9C84-D22E-4B9D-829A-62BC4E2B9E84}.Debug|Any CPU.ActiveCfg = Debug|Any CPU
		{AECB9C84-D22E-4B9D-829A-62BC4E2B9E84}.Debug|Any CPU.Build.0 = Debug|Any CPU
		{AECB9C84-D22E-4B9D-829A-62BC4E2B9E84}.Release|Any CPU.ActiveCfg = Release|Any CPU
		{AECB9C84-D22E-4B9D-829A-62BC4E2B9E84}.Release|Any CPU.Build.0 = Release|Any CPU
	EndGlobalSection
	GlobalSection(SolutionProperties) = preSolution
		HideSolutionNode = FALSE
	EndGlobalSection
	GlobalSection(ExtensibilityGlobals) = postSolution
		SolutionGuid = {BD0516D1-67CB-4678-812B-BDBF951B6250}
	EndGlobalSection
EndGlobal
